
Microsoft Visual Studio Solution File, Format Version 12.00
# Visual Studio Version 16
VisualStudioVersion = 16.0.29306.81
MinimumVisualStudioVersion = 10.0.40219.1
Project("{FAE04EC0-301F-11D3-BF4B-00C04F79EFBC}") = "08-11-2019WeekendTask", "08-11-2019WeekendTask.csproj", "{FF6537A5-609F-4F01-B4D2-6E16809D8BD5}"
EndProject
Global
	GlobalSection(SolutionConfigurationPlatforms) = preSolution
		Debug|Any CPU = Debug|Any CPU
		Release|Any CPU = Release|Any CPU
	EndGlobalSection
	GlobalSection(ProjectConfigurationPlatforms) = postSolution
		{FF6537A5-609F-4F01-B4D2-6E16809D8BD5}.Debug|Any CPU.ActiveCfg = Debug|Any CPU
		{FF6537A5-609F-4F01-B4D2-6E16809D8BD5}.Debug|Any CPU.Build.0 = Debug|Any CPU
		{FF6537A5-609F-4F01-B4D2-6E16809D8BD5}.Release|Any CPU.ActiveCfg = Release|Any CPU
		{FF6537A5-609F-4F01-B4D2-6E16809D8BD5}.Release|Any CPU.Build.0 = Release|Any CPU
	EndGlobalSection
	GlobalSection(SolutionProperties) = preSolution
		HideSolutionNode = FALSE
	EndGlobalSection
	GlobalSection(ExtensibilityGlobals) = postSolution
		SolutionGuid = {167E4065-4B65-4C06-B43C-FD1CDF33A8DF}
	EndGlobalSection
EndGlobal
